// !$*UTF8*$!
{
	archiveVersion = 1;
	classes = {
	};
	objectVersion = 50;
	objects = {

/* Begin PBXBuildFile section */
		8DD1A5386A6ACFB9557047C4 /* Pods_BeblueTests.framework in Frameworks */ = {isa = PBXBuildFile; fileRef = A286232C2FC6C34F51779965 /* Pods_BeblueTests.framework */; };
		A22D62C222DF92A800256866 /* AppDelegate.swift in Sources */ = {isa = PBXBuildFile; fileRef = A22D62C122DF92A800256866 /* AppDelegate.swift */; };
		A22D62C722DF92A800256866 /* Main.storyboard in Resources */ = {isa = PBXBuildFile; fileRef = A22D62C522DF92A800256866 /* Main.storyboard */; };
		A22D62C922DF92A900256866 /* Assets.xcassets in Resources */ = {isa = PBXBuildFile; fileRef = A22D62C822DF92A900256866 /* Assets.xcassets */; };
		A22D62CC22DF92A900256866 /* LaunchScreen.storyboard in Resources */ = {isa = PBXBuildFile; fileRef = A22D62CA22DF92A900256866 /* LaunchScreen.storyboard */; };
		A22D62D722DF92A900256866 /* BeblueTests.swift in Sources */ = {isa = PBXBuildFile; fileRef = A22D62D622DF92A900256866 /* BeblueTests.swift */; };
		A22D62E222DF92A900256866 /* BeblueUITests.swift in Sources */ = {isa = PBXBuildFile; fileRef = A22D62E122DF92A900256866 /* BeblueUITests.swift */; };
		A22D62F222DF939A00256866 /* ListPhotosViewController.swift in Sources */ = {isa = PBXBuildFile; fileRef = A22D62F122DF939A00256866 /* ListPhotosViewController.swift */; };
		A22D62F422DF93B200256866 /* ListPhotosInteractor.swift in Sources */ = {isa = PBXBuildFile; fileRef = A22D62F322DF93B200256866 /* ListPhotosInteractor.swift */; };
		A22D62F622DF93BD00256866 /* ListPhotosPresenter.swift in Sources */ = {isa = PBXBuildFile; fileRef = A22D62F522DF93BD00256866 /* ListPhotosPresenter.swift */; };
		A22D62F822DF93C600256866 /* ListPhotosModels.swift in Sources */ = {isa = PBXBuildFile; fileRef = A22D62F722DF93C600256866 /* ListPhotosModels.swift */; };
		A22D62FA22DF93CE00256866 /* ListPhotosWorker.swift in Sources */ = {isa = PBXBuildFile; fileRef = A22D62F922DF93CE00256866 /* ListPhotosWorker.swift */; };
		A22D62FC22DF93D500256866 /* ListPhotosRouter.swift in Sources */ = {isa = PBXBuildFile; fileRef = A22D62FB22DF93D500256866 /* ListPhotosRouter.swift */; };
		BB744E42118E4DD4D6AA2BE2 /* Pods_Beblue.framework in Frameworks */ = {isa = PBXBuildFile; fileRef = B535448E77B20D1D2F7E3BF9 /* Pods_Beblue.framework */; };
		C961BD062F553FF97065AD59 /* Pods_BeblueUITests.framework in Frameworks */ = {isa = PBXBuildFile; fileRef = 27ACFB2CF0C2FF48D5B62643 /* Pods_BeblueUITests.framework */; };
/* End PBXBuildFile section */

/* Begin PBXContainerItemProxy section */
		A22D62D322DF92A900256866 /* PBXContainerItemProxy */ = {
			isa = PBXContainerItemProxy;
			containerPortal = A22D62B622DF92A800256866 /* Project object */;
			proxyType = 1;
			remoteGlobalIDString = A22D62BD22DF92A800256866;
			remoteInfo = Beblue;
		};
		A22D62DE22DF92A900256866 /* PBXContainerItemProxy */ = {
			isa = PBXContainerItemProxy;
			containerPortal = A22D62B622DF92A800256866 /* Project object */;
			proxyType = 1;
			remoteGlobalIDString = A22D62BD22DF92A800256866;
			remoteInfo = Beblue;
		};
/* End PBXContainerItemProxy section */

/* Begin PBXFileReference section */
		27ACFB2CF0C2FF48D5B62643 /* Pods_BeblueUITests.framework */ = {isa = PBXFileReference; explicitFileType = wrapper.framework; includeInIndex = 0; path = Pods_BeblueUITests.framework; sourceTree = BUILT_PRODUCTS_DIR; };
		49E3CFBF80E55E231B9E36A5 /* Pods-Beblue.release.xcconfig */ = {isa = PBXFileReference; includeInIndex = 1; lastKnownFileType = text.xcconfig; name = "Pods-Beblue.release.xcconfig"; path = "Pods/Target Support Files/Pods-Beblue/Pods-Beblue.release.xcconfig"; sourceTree = "<group>"; };
		858F2E3B52202B5D910A9029 /* Pods-BeblueTests.debug.xcconfig */ = {isa = PBXFileReference; includeInIndex = 1; lastKnownFileType = text.xcconfig; name = "Pods-BeblueTests.debug.xcconfig"; path = "Pods/Target Support Files/Pods-BeblueTests/Pods-BeblueTests.debug.xcconfig"; sourceTree = "<group>"; };
		914619ECA425790E9A280934 /* Pods-BeblueTests.release.xcconfig */ = {isa = PBXFileReference; includeInIndex = 1; lastKnownFileType = text.xcconfig; name = "Pods-BeblueTests.release.xcconfig"; path = "Pods/Target Support Files/Pods-BeblueTests/Pods-BeblueTests.release.xcconfig"; sourceTree = "<group>"; };
		9B0E04BFCB730950E0F6C24A /* Pods-BeblueUITests.release.xcconfig */ = {isa = PBXFileReference; includeInIndex = 1; lastKnownFileType = text.xcconfig; name = "Pods-BeblueUITests.release.xcconfig"; path = "Pods/Target Support Files/Pods-BeblueUITests/Pods-BeblueUITests.release.xcconfig"; sourceTree = "<group>"; };
		A22D62BE22DF92A800256866 /* Beblue.app */ = {isa = PBXFileReference; explicitFileType = wrapper.application; includeInIndex = 0; path = Beblue.app; sourceTree = BUILT_PRODUCTS_DIR; };
		A22D62C122DF92A800256866 /* AppDelegate.swift */ = {isa = PBXFileReference; lastKnownFileType = sourcecode.swift; path = AppDelegate.swift; sourceTree = "<group>"; };
		A22D62C622DF92A800256866 /* Base */ = {isa = PBXFileReference; lastKnownFileType = file.storyboard; name = Base; path = Base.lproj/Main.storyboard; sourceTree = "<group>"; };
		A22D62C822DF92A900256866 /* Assets.xcassets */ = {isa = PBXFileReference; lastKnownFileType = folder.assetcatalog; path = Assets.xcassets; sourceTree = "<group>"; };
		A22D62CB22DF92A900256866 /* Base */ = {isa = PBXFileReference; lastKnownFileType = file.storyboard; name = Base; path = Base.lproj/LaunchScreen.storyboard; sourceTree = "<group>"; };
		A22D62CD22DF92A900256866 /* Info.plist */ = {isa = PBXFileReference; lastKnownFileType = text.plist.xml; path = Info.plist; sourceTree = "<group>"; };
		A22D62D222DF92A900256866 /* BeblueTests.xctest */ = {isa = PBXFileReference; explicitFileType = wrapper.cfbundle; includeInIndex = 0; path = BeblueTests.xctest; sourceTree = BUILT_PRODUCTS_DIR; };
		A22D62D622DF92A900256866 /* BeblueTests.swift */ = {isa = PBXFileReference; lastKnownFileType = sourcecode.swift; path = BeblueTests.swift; sourceTree = "<group>"; };
		A22D62D822DF92A900256866 /* Info.plist */ = {isa = PBXFileReference; lastKnownFileType = text.plist.xml; path = Info.plist; sourceTree = "<group>"; };
		A22D62DD22DF92A900256866 /* BeblueUITests.xctest */ = {isa = PBXFileReference; explicitFileType = wrapper.cfbundle; includeInIndex = 0; path = BeblueUITests.xctest; sourceTree = BUILT_PRODUCTS_DIR; };
		A22D62E122DF92A900256866 /* BeblueUITests.swift */ = {isa = PBXFileReference; lastKnownFileType = sourcecode.swift; path = BeblueUITests.swift; sourceTree = "<group>"; };
		A22D62E322DF92A900256866 /* Info.plist */ = {isa = PBXFileReference; lastKnownFileType = text.plist.xml; path = Info.plist; sourceTree = "<group>"; };
		A22D62F122DF939A00256866 /* ListPhotosViewController.swift */ = {isa = PBXFileReference; lastKnownFileType = sourcecode.swift; path = ListPhotosViewController.swift; sourceTree = "<group>"; };
		A22D62F322DF93B200256866 /* ListPhotosInteractor.swift */ = {isa = PBXFileReference; lastKnownFileType = sourcecode.swift; path = ListPhotosInteractor.swift; sourceTree = "<group>"; };
		A22D62F522DF93BD00256866 /* ListPhotosPresenter.swift */ = {isa = PBXFileReference; lastKnownFileType = sourcecode.swift; path = ListPhotosPresenter.swift; sourceTree = "<group>"; };
		A22D62F722DF93C600256866 /* ListPhotosModels.swift */ = {isa = PBXFileReference; lastKnownFileType = sourcecode.swift; path = ListPhotosModels.swift; sourceTree = "<group>"; };
		A22D62F922DF93CE00256866 /* ListPhotosWorker.swift */ = {isa = PBXFileReference; lastKnownFileType = sourcecode.swift; path = ListPhotosWorker.swift; sourceTree = "<group>"; };
		A22D62FB22DF93D500256866 /* ListPhotosRouter.swift */ = {isa = PBXFileReference; lastKnownFileType = sourcecode.swift; path = ListPhotosRouter.swift; sourceTree = "<group>"; };
		A286232C2FC6C34F51779965 /* Pods_BeblueTests.framework */ = {isa = PBXFileReference; explicitFileType = wrapper.framework; includeInIndex = 0; path = Pods_BeblueTests.framework; sourceTree = BUILT_PRODUCTS_DIR; };
		B535448E77B20D1D2F7E3BF9 /* Pods_Beblue.framework */ = {isa = PBXFileReference; explicitFileType = wrapper.framework; includeInIndex = 0; path = Pods_Beblue.framework; sourceTree = BUILT_PRODUCTS_DIR; };
		E6BA978EACAFAE8AC641E4A8 /* Pods-BeblueUITests.debug.xcconfig */ = {isa = PBXFileReference; includeInIndex = 1; lastKnownFileType = text.xcconfig; name = "Pods-BeblueUITests.debug.xcconfig"; path = "Pods/Target Support Files/Pods-BeblueUITests/Pods-BeblueUITests.debug.xcconfig"; sourceTree = "<group>"; };
		EF0C0F3A3B170D609EB0BC0E /* Pods-Beblue.debug.xcconfig */ = {isa = PBXFileReference; includeInIndex = 1; lastKnownFileType = text.xcconfig; name = "Pods-Beblue.debug.xcconfig"; path = "Pods/Target Support Files/Pods-Beblue/Pods-Beblue.debug.xcconfig"; sourceTree = "<group>"; };
/* End PBXFileReference section */

/* Begin PBXFrameworksBuildPhase section */
		A22D62BB22DF92A800256866 /* Frameworks */ = {
			isa = PBXFrameworksBuildPhase;
			buildActionMask = 2147483647;
			files = (
				BB744E42118E4DD4D6AA2BE2 /* Pods_Beblue.framework in Frameworks */,
			);
			runOnlyForDeploymentPostprocessing = 0;
		};
		A22D62CF22DF92A900256866 /* Frameworks */ = {
			isa = PBXFrameworksBuildPhase;
			buildActionMask = 2147483647;
			files = (
				8DD1A5386A6ACFB9557047C4 /* Pods_BeblueTests.framework in Frameworks */,
			);
			runOnlyForDeploymentPostprocessing = 0;
		};
		A22D62DA22DF92A900256866 /* Frameworks */ = {
			isa = PBXFrameworksBuildPhase;
			buildActionMask = 2147483647;
			files = (
				C961BD062F553FF97065AD59 /* Pods_BeblueUITests.framework in Frameworks */,
			);
			runOnlyForDeploymentPostprocessing = 0;
		};
/* End PBXFrameworksBuildPhase section */

/* Begin PBXGroup section */
		245BEA18BB1781F4A5190509 /* Pods */ = {
			isa = PBXGroup;
			children = (
				EF0C0F3A3B170D609EB0BC0E /* Pods-Beblue.debug.xcconfig */,
				49E3CFBF80E55E231B9E36A5 /* Pods-Beblue.release.xcconfig */,
				858F2E3B52202B5D910A9029 /* Pods-BeblueTests.debug.xcconfig */,
				914619ECA425790E9A280934 /* Pods-BeblueTests.release.xcconfig */,
				E6BA978EACAFAE8AC641E4A8 /* Pods-BeblueUITests.debug.xcconfig */,
				9B0E04BFCB730950E0F6C24A /* Pods-BeblueUITests.release.xcconfig */,
			);
			name = Pods;
			sourceTree = "<group>";
		};
		A22D62B522DF92A800256866 = {
			isa = PBXGroup;
			children = (
				A22D62C022DF92A800256866 /* Beblue */,
				A22D62D522DF92A900256866 /* BeblueTests */,
				A22D62E022DF92A900256866 /* BeblueUITests */,
				A22D62BF22DF92A800256866 /* Products */,
				245BEA18BB1781F4A5190509 /* Pods */,
				B7AF27F1DEF134D1E419EE0D /* Frameworks */,
			);
			sourceTree = "<group>";
		};
		A22D62BF22DF92A800256866 /* Products */ = {
			isa = PBXGroup;
			children = (
				A22D62BE22DF92A800256866 /* Beblue.app */,
				A22D62D222DF92A900256866 /* BeblueTests.xctest */,
				A22D62DD22DF92A900256866 /* BeblueUITests.xctest */,
			);
			name = Products;
			sourceTree = "<group>";
		};
		A22D62C022DF92A800256866 /* Beblue */ = {
			isa = PBXGroup;
			children = (
				A22D62FE22DFA2EA00256866 /* Services */,
				A22D62FD22DFA2E000256866 /* Workers */,
				A22D62EF22DF931900256866 /* Scenes */,
				A22D62C122DF92A800256866 /* AppDelegate.swift */,
				A22D62C522DF92A800256866 /* Main.storyboard */,
				A22D62C822DF92A900256866 /* Assets.xcassets */,
				A22D62CA22DF92A900256866 /* LaunchScreen.storyboard */,
				A22D62CD22DF92A900256866 /* Info.plist */,
			);
			path = Beblue;
			sourceTree = "<group>";
		};
		A22D62D522DF92A900256866 /* BeblueTests */ = {
			isa = PBXGroup;
			children = (
				A22D62D622DF92A900256866 /* BeblueTests.swift */,
				A22D62D822DF92A900256866 /* Info.plist */,
			);
			path = BeblueTests;
			sourceTree = "<group>";
		};
		A22D62E022DF92A900256866 /* BeblueUITests */ = {
			isa = PBXGroup;
			children = (
				A22D62E122DF92A900256866 /* BeblueUITests.swift */,
				A22D62E322DF92A900256866 /* Info.plist */,
			);
			path = BeblueUITests;
			sourceTree = "<group>";
		};
		A22D62EF22DF931900256866 /* Scenes */ = {
			isa = PBXGroup;
			children = (
				A22D62F022DF932C00256866 /* ListPhotos */,
			);
			path = Scenes;
			sourceTree = "<group>";
		};
		A22D62F022DF932C00256866 /* ListPhotos */ = {
			isa = PBXGroup;
			children = (
				A22D62F122DF939A00256866 /* ListPhotosViewController.swift */,
				A22D62F322DF93B200256866 /* ListPhotosInteractor.swift */,
				A22D62F522DF93BD00256866 /* ListPhotosPresenter.swift */,
				A22D62F722DF93C600256866 /* ListPhotosModels.swift */,
				A22D62F922DF93CE00256866 /* ListPhotosWorker.swift */,
				A22D62FB22DF93D500256866 /* ListPhotosRouter.swift */,
			);
			path = ListPhotos;
			sourceTree = "<group>";
		};
		A22D62FD22DFA2E000256866 /* Workers */ = {
			isa = PBXGroup;
			children = (
			);
			path = Workers;
			sourceTree = "<group>";
		};
		A22D62FE22DFA2EA00256866 /* Services */ = {
			isa = PBXGroup;
			children = (
			);
			path = Services;
			sourceTree = "<group>";
		};
		B7AF27F1DEF134D1E419EE0D /* Frameworks */ = {
			isa = PBXGroup;
			children = (
				B535448E77B20D1D2F7E3BF9 /* Pods_Beblue.framework */,
				A286232C2FC6C34F51779965 /* Pods_BeblueTests.framework */,
				27ACFB2CF0C2FF48D5B62643 /* Pods_BeblueUITests.framework */,
			);
			name = Frameworks;
			sourceTree = "<group>";
		};
/* End PBXGroup section */

/* Begin PBXNativeTarget section */
		A22D62BD22DF92A800256866 /* Beblue */ = {
			isa = PBXNativeTarget;
			buildConfigurationList = A22D62E622DF92A900256866 /* Build configuration list for PBXNativeTarget "Beblue" */;
			buildPhases = (
				0085924C917999B9B95B6EE7 /* [CP] Check Pods Manifest.lock */,
				A22D62BA22DF92A800256866 /* Sources */,
				A22D62BB22DF92A800256866 /* Frameworks */,
				A22D62BC22DF92A800256866 /* Resources */,
				B435AAFCC8D8381ACC00A4B0 /* [CP] Embed Pods Frameworks */,
			);
			buildRules = (
			);
			dependencies = (
			);
			name = Beblue;
			productName = Beblue;
			productReference = A22D62BE22DF92A800256866 /* Beblue.app */;
			productType = "com.apple.product-type.application";
		};
		A22D62D122DF92A900256866 /* BeblueTests */ = {
			isa = PBXNativeTarget;
			buildConfigurationList = A22D62E922DF92A900256866 /* Build configuration list for PBXNativeTarget "BeblueTests" */;
			buildPhases = (
				F29890F5FCAD6F438932FF4F /* [CP] Check Pods Manifest.lock */,
				A22D62CE22DF92A900256866 /* Sources */,
				A22D62CF22DF92A900256866 /* Frameworks */,
				A22D62D022DF92A900256866 /* Resources */,
			);
			buildRules = (
			);
			dependencies = (
				A22D62D422DF92A900256866 /* PBXTargetDependency */,
			);
			name = BeblueTests;
			productName = BeblueTests;
			productReference = A22D62D222DF92A900256866 /* BeblueTests.xctest */;
			productType = "com.apple.product-type.bundle.unit-test";
		};
		A22D62DC22DF92A900256866 /* BeblueUITests */ = {
			isa = PBXNativeTarget;
			buildConfigurationList = A22D62EC22DF92A900256866 /* Build configuration list for PBXNativeTarget "BeblueUITests" */;
			buildPhases = (
				25D24D9D0A9FD5481A9A80A4 /* [CP] Check Pods Manifest.lock */,
				A22D62D922DF92A900256866 /* Sources */,
				A22D62DA22DF92A900256866 /* Frameworks */,
				A22D62DB22DF92A900256866 /* Resources */,
			);
			buildRules = (
			);
			dependencies = (
				A22D62DF22DF92A900256866 /* PBXTargetDependency */,
			);
			name = BeblueUITests;
			productName = BeblueUITests;
			productReference = A22D62DD22DF92A900256866 /* BeblueUITests.xctest */;
			productType = "com.apple.product-type.bundle.ui-testing";
		};
/* End PBXNativeTarget section */

/* Begin PBXProject section */
		A22D62B622DF92A800256866 /* Project object */ = {
			isa = PBXProject;
			attributes = {
				LastSwiftUpdateCheck = 1020;
				LastUpgradeCheck = 1020;
				ORGANIZATIONNAME = "Fernando Gallo";
				TargetAttributes = {
					A22D62BD22DF92A800256866 = {
						CreatedOnToolsVersion = 10.2.1;
					};
					A22D62D122DF92A900256866 = {
						CreatedOnToolsVersion = 10.2.1;
						TestTargetID = A22D62BD22DF92A800256866;
					};
					A22D62DC22DF92A900256866 = {
						CreatedOnToolsVersion = 10.2.1;
						TestTargetID = A22D62BD22DF92A800256866;
					};
				};
			};
			buildConfigurationList = A22D62B922DF92A800256866 /* Build configuration list for PBXProject "Beblue" */;
			compatibilityVersion = "Xcode 9.3";
			developmentRegion = en;
			hasScannedForEncodings = 0;
			knownRegions = (
				en,
				Base,
			);
			mainGroup = A22D62B522DF92A800256866;
			productRefGroup = A22D62BF22DF92A800256866 /* Products */;
			projectDirPath = "";
			projectRoot = "";
			targets = (
				A22D62BD22DF92A800256866 /* Beblue */,
				A22D62D122DF92A900256866 /* BeblueTests */,
				A22D62DC22DF92A900256866 /* BeblueUITests */,
			);
		};
/* End PBXProject section */

/* Begin PBXResourcesBuildPhase section */
		A22D62BC22DF92A800256866 /* Resources */ = {
			isa = PBXResourcesBuildPhase;
			buildActionMask = 2147483647;
			files = (
				A22D62CC22DF92A900256866 /* LaunchScreen.storyboard in Resources */,
				A22D62C922DF92A900256866 /* Assets.xcassets in Resources */,
				A22D62C722DF92A800256866 /* Main.storyboard in Resources */,
			);
			runOnlyForDeploymentPostprocessing = 0;
		};
		A22D62D022DF92A900256866 /* Resources */ = {
			isa = PBXResourcesBuildPhase;
			buildActionMask = 2147483647;
			files = (
			);
			runOnlyForDeploymentPostprocessing = 0;
		};
		A22D62DB22DF92A900256866 /* Resources */ = {
			isa = PBXResourcesBuildPhase;
			buildActionMask = 2147483647;
			files = (
			);
			runOnlyForDeploymentPostprocessing = 0;
		};
/* End PBXResourcesBuildPhase section */

/* Begin PBXShellScriptBuildPhase section */
		0085924C917999B9B95B6EE7 /* [CP] Check Pods Manifest.lock */ = {
			isa = PBXShellScriptBuildPhase;
			buildActionMask = 2147483647;
			files = (
			);
			inputFileListPaths = (
			);
			inputPaths = (
				"${PODS_PODFILE_DIR_PATH}/Podfile.lock",
				"${PODS_ROOT}/Manifest.lock",
			);
			name = "[CP] Check Pods Manifest.lock";
			outputFileListPaths = (
			);
			outputPaths = (
				"$(DERIVED_FILE_DIR)/Pods-Beblue-checkManifestLockResult.txt",
			);
			runOnlyForDeploymentPostprocessing = 0;
			shellPath = /bin/sh;
			shellScript = "diff \"${PODS_PODFILE_DIR_PATH}/Podfile.lock\" \"${PODS_ROOT}/Manifest.lock\" > /dev/null\nif [ $? != 0 ] ; then\n    # print error to STDERR\n    echo \"error: The sandbox is not in sync with the Podfile.lock. Run 'pod install' or update your CocoaPods installation.\" >&2\n    exit 1\nfi\n# This output is used by Xcode 'outputs' to avoid re-running this script phase.\necho \"SUCCESS\" > \"${SCRIPT_OUTPUT_FILE_0}\"\n";
			showEnvVarsInLog = 0;
		};
		25D24D9D0A9FD5481A9A80A4 /* [CP] Check Pods Manifest.lock */ = {
			isa = PBXShellScriptBuildPhase;
			buildActionMask = 2147483647;
			files = (
			);
			inputFileListPaths = (
			);
			inputPaths = (
				"${PODS_PODFILE_DIR_PATH}/Podfile.lock",
				"${PODS_ROOT}/Manifest.lock",
			);
			name = "[CP] Check Pods Manifest.lock";
			outputFileListPaths = (
			);
			outputPaths = (
				"$(DERIVED_FILE_DIR)/Pods-BeblueUITests-checkManifestLockResult.txt",
			);
			runOnlyForDeploymentPostprocessing = 0;
			shellPath = /bin/sh;
			shellScript = "diff \"${PODS_PODFILE_DIR_PATH}/Podfile.lock\" \"${PODS_ROOT}/Manifest.lock\" > /dev/null\nif [ $? != 0 ] ; then\n    # print error to STDERR\n    echo \"error: The sandbox is not in sync with the Podfile.lock. Run 'pod install' or update your CocoaPods installation.\" >&2\n    exit 1\nfi\n# This output is used by Xcode 'outputs' to avoid re-running this script phase.\necho \"SUCCESS\" > \"${SCRIPT_OUTPUT_FILE_0}\"\n";
			showEnvVarsInLog = 0;
		};
		B435AAFCC8D8381ACC00A4B0 /* [CP] Embed Pods Frameworks */ = {
			isa = PBXShellScriptBuildPhase;
			buildActionMask = 2147483647;
			files = (
			);
			inputFileListPaths = (
			);
			inputPaths = (
				"${SRCROOT}/Pods/Target Support Files/Pods-Beblue/Pods-Beblue-frameworks.sh",
				"${BUILT_PRODUCTS_DIR}/Alamofire/Alamofire.framework",
				"${BUILT_PRODUCTS_DIR}/Moya/Moya.framework",
				"${BUILT_PRODUCTS_DIR}/Result/Result.framework",
			);
			name = "[CP] Embed Pods Frameworks";
			outputFileListPaths = (
			);
			outputPaths = (
				"${TARGET_BUILD_DIR}/${FRAMEWORKS_FOLDER_PATH}/Alamofire.framework",
				"${TARGET_BUILD_DIR}/${FRAMEWORKS_FOLDER_PATH}/Moya.framework",
				"${TARGET_BUILD_DIR}/${FRAMEWORKS_FOLDER_PATH}/Result.framework",
			);
			runOnlyForDeploymentPostprocessing = 0;
			shellPath = /bin/sh;
			shellScript = "\"${SRCROOT}/Pods/Target Support Files/Pods-Beblue/Pods-Beblue-frameworks.sh\"\n";
			showEnvVarsInLog = 0;
		};
		F29890F5FCAD6F438932FF4F /* [CP] Check Pods Manifest.lock */ = {
			isa = PBXShellScriptBuildPhase;
			buildActionMask = 2147483647;
			files = (
			);
			inputFileListPaths = (
			);
			inputPaths = (
				"${PODS_PODFILE_DIR_PATH}/Podfile.lock",
				"${PODS_ROOT}/Manifest.lock",
			);
			name = "[CP] Check Pods Manifest.lock";
			outputFileListPaths = (
			);
			outputPaths = (
				"$(DERIVED_FILE_DIR)/Pods-BeblueTests-checkManifestLockResult.txt",
			);
			runOnlyForDeploymentPostprocessing = 0;
			shellPath = /bin/sh;
			shellScript = "diff \"${PODS_PODFILE_DIR_PATH}/Podfile.lock\" \"${PODS_ROOT}/Manifest.lock\" > /dev/null\nif [ $? != 0 ] ; then\n    # print error to STDERR\n    echo \"error: The sandbox is not in sync with the Podfile.lock. Run 'pod install' or update your CocoaPods installation.\" >&2\n    exit 1\nfi\n# This output is used by Xcode 'outputs' to avoid re-running this script phase.\necho \"SUCCESS\" > \"${SCRIPT_OUTPUT_FILE_0}\"\n";
			showEnvVarsInLog = 0;
		};
/* End PBXShellScriptBuildPhase section */

/* Begin PBXSourcesBuildPhase section */
		A22D62BA22DF92A800256866 /* Sources */ = {
			isa = PBXSourcesBuildPhase;
			buildActionMask = 2147483647;
			files = (
				A22D62F822DF93C600256866 /* ListPhotosModels.swift in Sources */,
				A22D62C222DF92A800256866 /* AppDelegate.swift in Sources */,
				A22D62F622DF93BD00256866 /* ListPhotosPresenter.swift in Sources */,
				A22D62F422DF93B200256866 /* ListPhotosInteractor.swift in Sources */,
				A22D62FC22DF93D500256866 /* ListPhotosRouter.swift in Sources */,
				A22D62FA22DF93CE00256866 /* ListPhotosWorker.swift in Sources */,
				A22D62F222DF939A00256866 /* ListPhotosViewController.swift in Sources */,
			);
			runOnlyForDeploymentPostprocessing = 0;
		};
		A22D62CE22DF92A900256866 /* Sources */ = {
			isa = PBXSourcesBuildPhase;
			buildActionMask = 2147483647;
			files = (
				A22D62D722DF92A900256866 /* BeblueTests.swift in Sources */,
			);
			runOnlyForDeploymentPostprocessing = 0;
		};
		A22D62D922DF92A900256866 /* Sources */ = {
			isa = PBXSourcesBuildPhase;
			buildActionMask = 2147483647;
			files = (
				A22D62E222DF92A900256866 /* BeblueUITests.swift in Sources */,
			);
			runOnlyForDeploymentPostprocessing = 0;
		};
/* End PBXSourcesBuildPhase section */

/* Begin PBXTargetDependency section */
		A22D62D422DF92A900256866 /* PBXTargetDependency */ = {
			isa = PBXTargetDependency;
			target = A22D62BD22DF92A800256866 /* Beblue */;
			targetProxy = A22D62D322DF92A900256866 /* PBXContainerItemProxy */;
		};
		A22D62DF22DF92A900256866 /* PBXTargetDependency */ = {
			isa = PBXTargetDependency;
			target = A22D62BD22DF92A800256866 /* Beblue */;
			targetProxy = A22D62DE22DF92A900256866 /* PBXContainerItemProxy */;
		};
/* End PBXTargetDependency section */

/* Begin PBXVariantGroup section */
		A22D62C522DF92A800256866 /* Main.storyboard */ = {
			isa = PBXVariantGroup;
			children = (
				A22D62C622DF92A800256866 /* Base */,
			);
			name = Main.storyboard;
			sourceTree = "<group>";
		};
		A22D62CA22DF92A900256866 /* LaunchScreen.storyboard */ = {
			isa = PBXVariantGroup;
			children = (
				A22D62CB22DF92A900256866 /* Base */,
			);
			name = LaunchScreen.storyboard;
			sourceTree = "<group>";
		};
/* End PBXVariantGroup section */

/* Begin XCBuildConfiguration section */
		A22D62E422DF92A900256866 /* Debug */ = {
			isa = XCBuildConfiguration;
			buildSettings = {
				ALWAYS_SEARCH_USER_PATHS = NO;
				CLANG_ANALYZER_NONNULL = YES;
				CLANG_ANALYZER_NUMBER_OBJECT_CONVERSION = YES_AGGRESSIVE;
				CLANG_CXX_LANGUAGE_STANDARD = "gnu++14";
				CLANG_CXX_LIBRARY = "libc++";
				CLANG_ENABLE_MODULES = YES;
				CLANG_ENABLE_OBJC_ARC = YES;
				CLANG_ENABLE_OBJC_WEAK = YES;
				CLANG_WARN_BLOCK_CAPTURE_AUTORELEASING = YES;
				CLANG_WARN_BOOL_CONVERSION = YES;
				CLANG_WARN_COMMA = YES;
				CLANG_WARN_CONSTANT_CONVERSION = YES;
				CLANG_WARN_DEPRECATED_OBJC_IMPLEMENTATIONS = YES;
				CLANG_WARN_DIRECT_OBJC_ISA_USAGE = YES_ERROR;
				CLANG_WARN_DOCUMENTATION_COMMENTS = YES;
				CLANG_WARN_EMPTY_BODY = YES;
				CLANG_WARN_ENUM_CONVERSION = YES;
				CLANG_WARN_INFINITE_RECURSION = YES;
				CLANG_WARN_INT_CONVERSION = YES;
				CLANG_WARN_NON_LITERAL_NULL_CONVERSION = YES;
				CLANG_WARN_OBJC_IMPLICIT_RETAIN_SELF = YES;
				CLANG_WARN_OBJC_LITERAL_CONVERSION = YES;
				CLANG_WARN_OBJC_ROOT_CLASS = YES_ERROR;
				CLANG_WARN_RANGE_LOOP_ANALYSIS = YES;
				CLANG_WARN_STRICT_PROTOTYPES = YES;
				CLANG_WARN_SUSPICIOUS_MOVE = YES;
				CLANG_WARN_UNGUARDED_AVAILABILITY = YES_AGGRESSIVE;
				CLANG_WARN_UNREACHABLE_CODE = YES;
				CLANG_WARN__DUPLICATE_METHOD_MATCH = YES;
				CODE_SIGN_IDENTITY = "iPhone Developer";
				COPY_PHASE_STRIP = NO;
				DEBUG_INFORMATION_FORMAT = dwarf;
				ENABLE_STRICT_OBJC_MSGSEND = YES;
				ENABLE_TESTABILITY = YES;
				GCC_C_LANGUAGE_STANDARD = gnu11;
				GCC_DYNAMIC_NO_PIC = NO;
				GCC_NO_COMMON_BLOCKS = YES;
				GCC_OPTIMIZATION_LEVEL = 0;
				GCC_PREPROCESSOR_DEFINITIONS = (
					"DEBUG=1",
					"$(inherited)",
				);
				GCC_WARN_64_TO_32_BIT_CONVERSION = YES;
				GCC_WARN_ABOUT_RETURN_TYPE = YES_ERROR;
				GCC_WARN_UNDECLARED_SELECTOR = YES;
				GCC_WARN_UNINITIALIZED_AUTOS = YES_AGGRESSIVE;
				GCC_WARN_UNUSED_FUNCTION = YES;
				GCC_WARN_UNUSED_VARIABLE = YES;
				IPHONEOS_DEPLOYMENT_TARGET = 12.2;
				MTL_ENABLE_DEBUG_INFO = INCLUDE_SOURCE;
				MTL_FAST_MATH = YES;
				ONLY_ACTIVE_ARCH = YES;
				SDKROOT = iphoneos;
				SWIFT_ACTIVE_COMPILATION_CONDITIONS = DEBUG;
				SWIFT_OPTIMIZATION_LEVEL = "-Onone";
			};
			name = Debug;
		};
		A22D62E522DF92A900256866 /* Release */ = {
			isa = XCBuildConfiguration;
			buildSettings = {
				ALWAYS_SEARCH_USER_PATHS = NO;
				CLANG_ANALYZER_NONNULL = YES;
				CLANG_ANALYZER_NUMBER_OBJECT_CONVERSION = YES_AGGRESSIVE;
				CLANG_CXX_LANGUAGE_STANDARD = "gnu++14";
				CLANG_CXX_LIBRARY = "libc++";
				CLANG_ENABLE_MODULES = YES;
				CLANG_ENABLE_OBJC_ARC = YES;
				CLANG_ENABLE_OBJC_WEAK = YES;
				CLANG_WARN_BLOCK_CAPTURE_AUTORELEASING = YES;
				CLANG_WARN_BOOL_CONVERSION = YES;
				CLANG_WARN_COMMA = YES;
				CLANG_WARN_CONSTANT_CONVERSION = YES;
				CLANG_WARN_DEPRECATED_OBJC_IMPLEMENTATIONS = YES;
				CLANG_WARN_DIRECT_OBJC_ISA_USAGE = YES_ERROR;
				CLANG_WARN_DOCUMENTATION_COMMENTS = YES;
				CLANG_WARN_EMPTY_BODY = YES;
				CLANG_WARN_ENUM_CONVERSION = YES;
				CLANG_WARN_INFINITE_RECURSION = YES;
				CLANG_WARN_INT_CONVERSION = YES;
				CLANG_WARN_NON_LITERAL_NULL_CONVERSION = YES;
				CLANG_WARN_OBJC_IMPLICIT_RETAIN_SELF = YES;
				CLANG_WARN_OBJC_LITERAL_CONVERSION = YES;
				CLANG_WARN_OBJC_ROOT_CLASS = YES_ERROR;
				CLANG_WARN_RANGE_LOOP_ANALYSIS = YES;
				CLANG_WARN_STRICT_PROTOTYPES = YES;
				CLANG_WARN_SUSPICIOUS_MOVE = YES;
				CLANG_WARN_UNGUARDED_AVAILABILITY = YES_AGGRESSIVE;
				CLANG_WARN_UNREACHABLE_CODE = YES;
				CLANG_WARN__DUPLICATE_METHOD_MATCH = YES;
				CODE_SIGN_IDENTITY = "iPhone Developer";
				COPY_PHASE_STRIP = NO;
				DEBUG_INFORMATION_FORMAT = "dwarf-with-dsym";
				ENABLE_NS_ASSERTIONS = NO;
				ENABLE_STRICT_OBJC_MSGSEND = YES;
				GCC_C_LANGUAGE_STANDARD = gnu11;
				GCC_NO_COMMON_BLOCKS = YES;
				GCC_WARN_64_TO_32_BIT_CONVERSION = YES;
				GCC_WARN_ABOUT_RETURN_TYPE = YES_ERROR;
				GCC_WARN_UNDECLARED_SELECTOR = YES;
				GCC_WARN_UNINITIALIZED_AUTOS = YES_AGGRESSIVE;
				GCC_WARN_UNUSED_FUNCTION = YES;
				GCC_WARN_UNUSED_VARIABLE = YES;
				IPHONEOS_DEPLOYMENT_TARGET = 12.2;
				MTL_ENABLE_DEBUG_INFO = NO;
				MTL_FAST_MATH = YES;
				SDKROOT = iphoneos;
				SWIFT_COMPILATION_MODE = wholemodule;
				SWIFT_OPTIMIZATION_LEVEL = "-O";
				VALIDATE_PRODUCT = YES;
			};
			name = Release;
		};
		A22D62E722DF92A900256866 /* Debug */ = {
			isa = XCBuildConfiguration;
			baseConfigurationReference = EF0C0F3A3B170D609EB0BC0E /* Pods-Beblue.debug.xcconfig */;
			buildSettings = {
				ASSETCATALOG_COMPILER_APPICON_NAME = AppIcon;
				CODE_SIGN_STYLE = Automatic;
				INFOPLIST_FILE = Beblue/Info.plist;
				LD_RUNPATH_SEARCH_PATHS = (
					"$(inherited)",
					"@executable_path/Frameworks",
				);
				PRODUCT_BUNDLE_IDENTIFIER = fernandogallo.Beblue;
				PRODUCT_NAME = "$(TARGET_NAME)";
				SWIFT_VERSION = 5.0;
				TARGETED_DEVICE_FAMILY = "1,2";
			};
			name = Debug;
		};
		A22D62E822DF92A900256866 /* Release */ = {
			isa = XCBuildConfiguration;
			baseConfigurationReference = 49E3CFBF80E55E231B9E36A5 /* Pods-Beblue.release.xcconfig */;
			buildSettings = {
				ASSETCATALOG_COMPILER_APPICON_NAME = AppIcon;
				CODE_SIGN_STYLE = Automatic;
				INFOPLIST_FILE = Beblue/Info.plist;
				LD_RUNPATH_SEARCH_PATHS = (
					"$(inherited)",
					"@executable_path/Frameworks",
				);
				PRODUCT_BUNDLE_IDENTIFIER = fernandogallo.Beblue;
				PRODUCT_NAME = "$(TARGET_NAME)";
				SWIFT_VERSION = 5.0;
				TARGETED_DEVICE_FAMILY = "1,2";
			};
			name = Release;
		};
		A22D62EA22DF92A900256866 /* Debug */ = {
			isa = XCBuildConfiguration;
			baseConfigurationReference = 858F2E3B52202B5D910A9029 /* Pods-BeblueTests.debug.xcconfig */;
			buildSettings = {
				ALWAYS_EMBED_SWIFT_STANDARD_LIBRARIES = YES;
				BUNDLE_LOADER = "$(TEST_HOST)";
				CODE_SIGN_STYLE = Automatic;
				INFOPLIST_FILE = BeblueTests/Info.plist;
				LD_RUNPATH_SEARCH_PATHS = (
					"$(inherited)",
					"@executable_path/Frameworks",
					"@loader_path/Frameworks",
				);
				PRODUCT_BUNDLE_IDENTIFIER = fernandogallo.BeblueTests;
				PRODUCT_NAME = "$(TARGET_NAME)";
				SWIFT_VERSION = 5.0;
				TARGETED_DEVICE_FAMILY = "1,2";
				TEST_HOST = "$(BUILT_PRODUCTS_DIR)/Beblue.app/Beblue";
			};
			name = Debug;
		};
		A22D62EB22DF92A900256866 /* Release */ = {
			isa = XCBuildConfiguration;
			baseConfigurationReference = 914619ECA425790E9A280934 /* Pods-BeblueTests.release.xcconfig */;
			buildSettings = {
				ALWAYS_EMBED_SWIFT_STANDARD_LIBRARIES = YES;
				BUNDLE_LOADER = "$(TEST_HOST)";
				CODE_SIGN_STYLE = Automatic;
				INFOPLIST_FILE = BeblueTests/Info.plist;
				LD_RUNPATH_SEARCH_PATHS = (
					"$(inherited)",
					"@executable_path/Frameworks",
					"@loader_path/Frameworks",
				);
				PRODUCT_BUNDLE_IDENTIFIER = fernandogallo.BeblueTests;
				PRODUCT_NAME = "$(TARGET_NAME)";
				SWIFT_VERSION = 5.0;
				TARGETED_DEVICE_FAMILY = "1,2";
				TEST_HOST = "$(BUILT_PRODUCTS_DIR)/Beblue.app/Beblue";
			};
			name = Release;
		};
		A22D62ED22DF92A900256866 /* Debug */ = {
			isa = XCBuildConfiguration;
			baseConfigurationReference = E6BA978EACAFAE8AC641E4A8 /* Pods-BeblueUITests.debug.xcconfig */;
			buildSettings = {
				ALWAYS_EMBED_SWIFT_STANDARD_LIBRARIES = YES;
				CODE_SIGN_STYLE = Automatic;
				INFOPLIST_FILE = BeblueUITests/Info.plist;
				LD_RUNPATH_SEARCH_PATHS = (
					"$(inherited)",
					"@executable_path/Frameworks",
					"@loader_path/Frameworks",
				);
				PRODUCT_BUNDLE_IDENTIFIER = fernandogallo.BeblueUITests;
				PRODUCT_NAME = "$(TARGET_NAME)";
				SWIFT_VERSION = 5.0;
				TARGETED_DEVICE_FAMILY = "1,2";
				TEST_TARGET_NAME = Beblue;
			};
			name = Debug;
		};
		A22D62EE22DF92A900256866 /* Release */ = {
			isa = XCBuildConfiguration;
			baseConfigurationReference = 9B0E04BFCB730950E0F6C24A /* Pods-BeblueUITests.release.xcconfig */;
			buildSettings = {
				ALWAYS_EMBED_SWIFT_STANDARD_LIBRARIES = YES;
				CODE_SIGN_STYLE = Automatic;
				INFOPLIST_FILE = BeblueUITests/Info.plist;
				LD_RUNPATH_SEARCH_PATHS = (
					"$(inherited)",
					"@executable_path/Frameworks",
					"@loader_path/Frameworks",
				);
				PRODUCT_BUNDLE_IDENTIFIER = fernandogallo.BeblueUITests;
				PRODUCT_NAME = "$(TARGET_NAME)";
				SWIFT_VERSION = 5.0;
				TARGETED_DEVICE_FAMILY = "1,2";
				TEST_TARGET_NAME = Beblue;
			};
			name = Release;
		};
/* End XCBuildConfiguration section */

/* Begin XCConfigurationList section */
		A22D62B922DF92A800256866 /* Build configuration list for PBXProject "Beblue" */ = {
			isa = XCConfigurationList;
			buildConfigurations = (
				A22D62E422DF92A900256866 /* Debug */,
				A22D62E522DF92A900256866 /* Release */,
			);
			defaultConfigurationIsVisible = 0;
			defaultConfigurationName = Release;
		};
		A22D62E622DF92A900256866 /* Build configuration list for PBXNativeTarget "Beblue" */ = {
			isa = XCConfigurationList;
			buildConfigurations = (
				A22D62E722DF92A900256866 /* Debug */,
				A22D62E822DF92A900256866 /* Release */,
			);
			defaultConfigurationIsVisible = 0;
			defaultConfigurationName = Release;
		};
		A22D62E922DF92A900256866 /* Build configuration list for PBXNativeTarget "BeblueTests" */ = {
			isa = XCConfigurationList;
			buildConfigurations = (
				A22D62EA22DF92A900256866 /* Debug */,
				A22D62EB22DF92A900256866 /* Release */,
			);
			defaultConfigurationIsVisible = 0;
			defaultConfigurationName = Release;
		};
		A22D62EC22DF92A900256866 /* Build configuration list for PBXNativeTarget "BeblueUITests" */ = {
			isa = XCConfigurationList;
			buildConfigurations = (
				A22D62ED22DF92A900256866 /* Debug */,
				A22D62EE22DF92A900256866 /* Release */,
			);
			defaultConfigurationIsVisible = 0;
			defaultConfigurationName = Release;
		};
/* End XCConfigurationList section */
	};
	rootObject = A22D62B622DF92A800256866 /* Project object */;
}
